// !$*UTF8*$!
{
	archiveVersion = 1;
	classes = {
	};
	objectVersion = 51;
	objects = {

/* Begin PBXBuildFile section */
		AC2BDEF626FE41C000C4B7C0 /* UIStoryboard+Extension.swift in Sources */ = {isa = PBXBuildFile; fileRef = AC2BDEF526FE41C000C4B7C0 /* UIStoryboard+Extension.swift */; };
		AC2BDEF826FE420A00C4B7C0 /* UIViewController+Storyboard.swift in Sources */ = {isa = PBXBuildFile; fileRef = AC2BDEF726FE420A00C4B7C0 /* UIViewController+Storyboard.swift */; };
		AC2BDEFA26FE6D7D00C4B7C0 /* RealmService.swift in Sources */ = {isa = PBXBuildFile; fileRef = AC2BDEF926FE6D7D00C4B7C0 /* RealmService.swift */; };
		AC2BDEFC26FE746E00C4B7C0 /* StoreProductList.swift in Sources */ = {isa = PBXBuildFile; fileRef = AC2BDEFB26FE746E00C4B7C0 /* StoreProductList.swift */; };
		AC2BDEFF26FE7A7D00C4B7C0 /* StoreProductPresenter.swift in Sources */ = {isa = PBXBuildFile; fileRef = AC2BDEFE26FE7A7D00C4B7C0 /* StoreProductPresenter.swift */; };
		AC2BDF0126FE7D7600C4B7C0 /* StoreProduct+PresenterDelegete.swift in Sources */ = {isa = PBXBuildFile; fileRef = AC2BDF0026FE7D7600C4B7C0 /* StoreProduct+PresenterDelegete.swift */; };
		AC646F7826FD05CC000E92ED /* AppDelegate.swift in Sources */ = {isa = PBXBuildFile; fileRef = AC646F7726FD05CC000E92ED /* AppDelegate.swift */; };
		AC646F7A26FD05CC000E92ED /* SceneDelegate.swift in Sources */ = {isa = PBXBuildFile; fileRef = AC646F7926FD05CC000E92ED /* SceneDelegate.swift */; };
		AC646F7F26FD05CC000E92ED /* Main.storyboard in Resources */ = {isa = PBXBuildFile; fileRef = AC646F7D26FD05CC000E92ED /* Main.storyboard */; };
		AC646F8126FD05D0000E92ED /* Assets.xcassets in Resources */ = {isa = PBXBuildFile; fileRef = AC646F8026FD05D0000E92ED /* Assets.xcassets */; };
		AC646F8426FD05D0000E92ED /* LaunchScreen.storyboard in Resources */ = {isa = PBXBuildFile; fileRef = AC646F8226FD05D0000E92ED /* LaunchScreen.storyboard */; };
		AC646FA426FD0AA0000E92ED /* Montserrat-Medium.ttf in Resources */ = {isa = PBXBuildFile; fileRef = AC646F9126FD0AA0000E92ED /* Montserrat-Medium.ttf */; };
		AC646FAA26FD0AA0000E92ED /* Montserrat-Bold.ttf in Resources */ = {isa = PBXBuildFile; fileRef = AC646F9726FD0AA0000E92ED /* Montserrat-Bold.ttf */; };
		AC646FAD26FD0AA0000E92ED /* Montserrat-SemiBold.ttf in Resources */ = {isa = PBXBuildFile; fileRef = AC646F9A26FD0AA0000E92ED /* Montserrat-SemiBold.ttf */; };
		AC646FB226FD0AA0000E92ED /* Montserrat-Regular.ttf in Resources */ = {isa = PBXBuildFile; fileRef = AC646F9F26FD0AA0000E92ED /* Montserrat-Regular.ttf */; };
		AC646FC026FD107B000E92ED /* UIImageView+Extension.swift in Sources */ = {isa = PBXBuildFile; fileRef = AC646FBF26FD107B000E92ED /* UIImageView+Extension.swift */; };
		AC646FC626FD10C1000E92ED /* UIView+Circle.swift in Sources */ = {isa = PBXBuildFile; fileRef = AC646FC126FD10C0000E92ED /* UIView+Circle.swift */; };
		AC646FC726FD10C1000E92ED /* UIView+XIBinit.swift in Sources */ = {isa = PBXBuildFile; fileRef = AC646FC226FD10C0000E92ED /* UIView+XIBinit.swift */; };
		AC646FC826FD10C1000E92ED /* UIImage+Extension.swift in Sources */ = {isa = PBXBuildFile; fileRef = AC646FC326FD10C0000E92ED /* UIImage+Extension.swift */; };
		AC646FC926FD10C1000E92ED /* UIView+Border.swift in Sources */ = {isa = PBXBuildFile; fileRef = AC646FC426FD10C0000E92ED /* UIView+Border.swift */; };
		AC646FCA26FD10C1000E92ED /* UIImage+Utilites.swift in Sources */ = {isa = PBXBuildFile; fileRef = AC646FC526FD10C1000E92ED /* UIImage+Utilites.swift */; };
		AC646FCC26FD25E7000E92ED /* AddProductViewController.swift in Sources */ = {isa = PBXBuildFile; fileRef = AC646FCB26FD25E6000E92ED /* AddProductViewController.swift */; };
		AC646FD226FD26EE000E92ED /* ProductDetailsViewController.swift in Sources */ = {isa = PBXBuildFile; fileRef = AC646FD126FD26EE000E92ED /* ProductDetailsViewController.swift */; };
		AC810A5926FE1B6900261BB8 /* StoreProductsViewController.swift in Sources */ = {isa = PBXBuildFile; fileRef = AC810A5826FE1B6900261BB8 /* StoreProductsViewController.swift */; };
		AC810A5F26FE1D1D00261BB8 /* StoreProductMainTableViewCell.swift in Sources */ = {isa = PBXBuildFile; fileRef = AC810A5D26FE1D1D00261BB8 /* StoreProductMainTableViewCell.swift */; };
		AC810A6026FE1D1D00261BB8 /* StoreProductMainTableViewCell.xib in Resources */ = {isa = PBXBuildFile; fileRef = AC810A5E26FE1D1D00261BB8 /* StoreProductMainTableViewCell.xib */; };
		AC810A6426FE1D4900261BB8 /* ListOfProductTableViewCell.swift in Sources */ = {isa = PBXBuildFile; fileRef = AC810A6226FE1D4900261BB8 /* ListOfProductTableViewCell.swift */; };
		AC810A6526FE1D4900261BB8 /* ListOfProductTableViewCell.xib in Resources */ = {isa = PBXBuildFile; fileRef = AC810A6326FE1D4900261BB8 /* ListOfProductTableViewCell.xib */; };
		AC810A6926FE1DFB00261BB8 /* ListOfOroductCollectionViewCell.swift in Sources */ = {isa = PBXBuildFile; fileRef = AC810A6726FE1DFB00261BB8 /* ListOfOroductCollectionViewCell.swift */; };
		AC810A6A26FE1DFB00261BB8 /* ListOfOroductCollectionViewCell.xib in Resources */ = {isa = PBXBuildFile; fileRef = AC810A6826FE1DFB00261BB8 /* ListOfOroductCollectionViewCell.xib */; };
		AC810A6C26FE23F700261BB8 /* UICollerctionView+Register.swift in Sources */ = {isa = PBXBuildFile; fileRef = AC810A6B26FE23F700261BB8 /* UICollerctionView+Register.swift */; };
		AC810A6F26FE24E100261BB8 /* NibLoadableView.swift in Sources */ = {isa = PBXBuildFile; fileRef = AC810A6E26FE24E100261BB8 /* NibLoadableView.swift */; };
		AC810A7126FE24E800261BB8 /* ReuseIdentfierProtocol.swift in Sources */ = {isa = PBXBuildFile; fileRef = AC810A7026FE24E800261BB8 /* ReuseIdentfierProtocol.swift */; };
		AC810A7326FE25D300261BB8 /* UITableView+Register.swift in Sources */ = {isa = PBXBuildFile; fileRef = AC810A7226FE25D300261BB8 /* UITableView+Register.swift */; };
		AC810A7626FE2FDB00261BB8 /* listOfProductDataSource.swift in Sources */ = {isa = PBXBuildFile; fileRef = AC810A7526FE2FDB00261BB8 /* listOfProductDataSource.swift */; };
		AC810A7926FE385D00261BB8 /* FilterProductsViewController.swift in Sources */ = {isa = PBXBuildFile; fileRef = AC810A7826FE385D00261BB8 /* FilterProductsViewController.swift */; };
		D381134793AA82E111A50923 /* Pods_StoreProject.framework in Frameworks */ = {isa = PBXBuildFile; fileRef = B6C9797B040AC380112F5087 /* Pods_StoreProject.framework */; };
/* End PBXBuildFile section */

/* Begin PBXFileReference section */
		33FAD5DD140A4FD99465ED0C /* Pods-StoreProject.debug.xcconfig */ = {isa = PBXFileReference; includeInIndex = 1; lastKnownFileType = text.xcconfig; name = "Pods-StoreProject.debug.xcconfig"; path = "Target Support Files/Pods-StoreProject/Pods-StoreProject.debug.xcconfig"; sourceTree = "<group>"; };
		69419AF35B6165B043A2F98A /* Pods-StoreProject.release.xcconfig */ = {isa = PBXFileReference; includeInIndex = 1; lastKnownFileType = text.xcconfig; name = "Pods-StoreProject.release.xcconfig"; path = "Target Support Files/Pods-StoreProject/Pods-StoreProject.release.xcconfig"; sourceTree = "<group>"; };
		AC2BDEF526FE41C000C4B7C0 /* UIStoryboard+Extension.swift */ = {isa = PBXFileReference; fileEncoding = 4; lastKnownFileType = sourcecode.swift; path = "UIStoryboard+Extension.swift"; sourceTree = "<group>"; };
		AC2BDEF726FE420A00C4B7C0 /* UIViewController+Storyboard.swift */ = {isa = PBXFileReference; fileEncoding = 4; lastKnownFileType = sourcecode.swift; path = "UIViewController+Storyboard.swift"; sourceTree = "<group>"; };
		AC2BDEF926FE6D7D00C4B7C0 /* RealmService.swift */ = {isa = PBXFileReference; lastKnownFileType = sourcecode.swift; path = RealmService.swift; sourceTree = "<group>"; };
		AC2BDEFB26FE746E00C4B7C0 /* StoreProductList.swift */ = {isa = PBXFileReference; lastKnownFileType = sourcecode.swift; path = StoreProductList.swift; sourceTree = "<group>"; };
		AC2BDEFE26FE7A7D00C4B7C0 /* StoreProductPresenter.swift */ = {isa = PBXFileReference; lastKnownFileType = sourcecode.swift; path = StoreProductPresenter.swift; sourceTree = "<group>"; };
		AC2BDF0026FE7D7600C4B7C0 /* StoreProduct+PresenterDelegete.swift */ = {isa = PBXFileReference; lastKnownFileType = sourcecode.swift; path = "StoreProduct+PresenterDelegete.swift"; sourceTree = "<group>"; };
		AC646F7426FD05CC000E92ED /* StoreProject.app */ = {isa = PBXFileReference; explicitFileType = wrapper.application; includeInIndex = 0; path = StoreProject.app; sourceTree = BUILT_PRODUCTS_DIR; };
		AC646F7726FD05CC000E92ED /* AppDelegate.swift */ = {isa = PBXFileReference; lastKnownFileType = sourcecode.swift; path = AppDelegate.swift; sourceTree = "<group>"; };
		AC646F7926FD05CC000E92ED /* SceneDelegate.swift */ = {isa = PBXFileReference; lastKnownFileType = sourcecode.swift; path = SceneDelegate.swift; sourceTree = "<group>"; };
		AC646F7E26FD05CC000E92ED /* Base */ = {isa = PBXFileReference; lastKnownFileType = file.storyboard; name = Base; path = Base.lproj/Main.storyboard; sourceTree = "<group>"; };
		AC646F8026FD05D0000E92ED /* Assets.xcassets */ = {isa = PBXFileReference; lastKnownFileType = folder.assetcatalog; path = Assets.xcassets; sourceTree = "<group>"; };
		AC646F8326FD05D0000E92ED /* Base */ = {isa = PBXFileReference; lastKnownFileType = file.storyboard; name = Base; path = Base.lproj/LaunchScreen.storyboard; sourceTree = "<group>"; };
		AC646F8526FD05D0000E92ED /* Info.plist */ = {isa = PBXFileReference; lastKnownFileType = text.plist.xml; path = Info.plist; sourceTree = "<group>"; };
		AC646F9126FD0AA0000E92ED /* Montserrat-Medium.ttf */ = {isa = PBXFileReference; lastKnownFileType = file; path = "Montserrat-Medium.ttf"; sourceTree = "<group>"; };
		AC646F9726FD0AA0000E92ED /* Montserrat-Bold.ttf */ = {isa = PBXFileReference; lastKnownFileType = file; path = "Montserrat-Bold.ttf"; sourceTree = "<group>"; };
		AC646F9A26FD0AA0000E92ED /* Montserrat-SemiBold.ttf */ = {isa = PBXFileReference; lastKnownFileType = file; path = "Montserrat-SemiBold.ttf"; sourceTree = "<group>"; };
		AC646F9F26FD0AA0000E92ED /* Montserrat-Regular.ttf */ = {isa = PBXFileReference; lastKnownFileType = file; path = "Montserrat-Regular.ttf"; sourceTree = "<group>"; };
		AC646FBF26FD107B000E92ED /* UIImageView+Extension.swift */ = {isa = PBXFileReference; fileEncoding = 4; lastKnownFileType = sourcecode.swift; path = "UIImageView+Extension.swift"; sourceTree = "<group>"; };
		AC646FC126FD10C0000E92ED /* UIView+Circle.swift */ = {isa = PBXFileReference; fileEncoding = 4; lastKnownFileType = sourcecode.swift; path = "UIView+Circle.swift"; sourceTree = "<group>"; };
		AC646FC226FD10C0000E92ED /* UIView+XIBinit.swift */ = {isa = PBXFileReference; fileEncoding = 4; lastKnownFileType = sourcecode.swift; path = "UIView+XIBinit.swift"; sourceTree = "<group>"; };
		AC646FC326FD10C0000E92ED /* UIImage+Extension.swift */ = {isa = PBXFileReference; fileEncoding = 4; lastKnownFileType = sourcecode.swift; path = "UIImage+Extension.swift"; sourceTree = "<group>"; };
		AC646FC426FD10C0000E92ED /* UIView+Border.swift */ = {isa = PBXFileReference; fileEncoding = 4; lastKnownFileType = sourcecode.swift; path = "UIView+Border.swift"; sourceTree = "<group>"; };
		AC646FC526FD10C1000E92ED /* UIImage+Utilites.swift */ = {isa = PBXFileReference; fileEncoding = 4; lastKnownFileType = sourcecode.swift; path = "UIImage+Utilites.swift"; sourceTree = "<group>"; };
		AC646FCB26FD25E6000E92ED /* AddProductViewController.swift */ = {isa = PBXFileReference; lastKnownFileType = sourcecode.swift; path = AddProductViewController.swift; sourceTree = "<group>"; };
		AC646FD126FD26EE000E92ED /* ProductDetailsViewController.swift */ = {isa = PBXFileReference; lastKnownFileType = sourcecode.swift; path = ProductDetailsViewController.swift; sourceTree = "<group>"; };
		AC810A5826FE1B6900261BB8 /* StoreProductsViewController.swift */ = {isa = PBXFileReference; lastKnownFileType = sourcecode.swift; path = StoreProductsViewController.swift; sourceTree = "<group>"; };
		AC810A5D26FE1D1D00261BB8 /* StoreProductMainTableViewCell.swift */ = {isa = PBXFileReference; lastKnownFileType = sourcecode.swift; path = StoreProductMainTableViewCell.swift; sourceTree = "<group>"; };
		AC810A5E26FE1D1D00261BB8 /* StoreProductMainTableViewCell.xib */ = {isa = PBXFileReference; lastKnownFileType = file.xib; path = StoreProductMainTableViewCell.xib; sourceTree = "<group>"; };
		AC810A6226FE1D4900261BB8 /* ListOfProductTableViewCell.swift */ = {isa = PBXFileReference; lastKnownFileType = sourcecode.swift; path = ListOfProductTableViewCell.swift; sourceTree = "<group>"; };
		AC810A6326FE1D4900261BB8 /* ListOfProductTableViewCell.xib */ = {isa = PBXFileReference; lastKnownFileType = file.xib; path = ListOfProductTableViewCell.xib; sourceTree = "<group>"; };
		AC810A6726FE1DFB00261BB8 /* ListOfOroductCollectionViewCell.swift */ = {isa = PBXFileReference; lastKnownFileType = sourcecode.swift; path = ListOfOroductCollectionViewCell.swift; sourceTree = "<group>"; };
		AC810A6826FE1DFB00261BB8 /* ListOfOroductCollectionViewCell.xib */ = {isa = PBXFileReference; lastKnownFileType = file.xib; path = ListOfOroductCollectionViewCell.xib; sourceTree = "<group>"; };
		AC810A6B26FE23F700261BB8 /* UICollerctionView+Register.swift */ = {isa = PBXFileReference; fileEncoding = 4; lastKnownFileType = sourcecode.swift; path = "UICollerctionView+Register.swift"; sourceTree = "<group>"; };
		AC810A6E26FE24E100261BB8 /* NibLoadableView.swift */ = {isa = PBXFileReference; fileEncoding = 4; lastKnownFileType = sourcecode.swift; path = NibLoadableView.swift; sourceTree = "<group>"; };
		AC810A7026FE24E800261BB8 /* ReuseIdentfierProtocol.swift */ = {isa = PBXFileReference; fileEncoding = 4; lastKnownFileType = sourcecode.swift; path = ReuseIdentfierProtocol.swift; sourceTree = "<group>"; };
		AC810A7226FE25D300261BB8 /* UITableView+Register.swift */ = {isa = PBXFileReference; fileEncoding = 4; lastKnownFileType = sourcecode.swift; path = "UITableView+Register.swift"; sourceTree = "<group>"; };
		AC810A7526FE2FDB00261BB8 /* listOfProductDataSource.swift */ = {isa = PBXFileReference; lastKnownFileType = sourcecode.swift; path = listOfProductDataSource.swift; sourceTree = "<group>"; };
		AC810A7826FE385D00261BB8 /* FilterProductsViewController.swift */ = {isa = PBXFileReference; lastKnownFileType = sourcecode.swift; path = FilterProductsViewController.swift; sourceTree = "<group>"; };
		B6C9797B040AC380112F5087 /* Pods_StoreProject.framework */ = {isa = PBXFileReference; explicitFileType = wrapper.framework; includeInIndex = 0; path = Pods_StoreProject.framework; sourceTree = BUILT_PRODUCTS_DIR; };
/* End PBXFileReference section */

/* Begin PBXFrameworksBuildPhase section */
		AC646F7126FD05CC000E92ED /* Frameworks */ = {
			isa = PBXFrameworksBuildPhase;
			buildActionMask = 2147483647;
			files = (
				D381134793AA82E111A50923 /* Pods_StoreProject.framework in Frameworks */,
			);
			runOnlyForDeploymentPostprocessing = 0;
		};
/* End PBXFrameworksBuildPhase section */

/* Begin PBXGroup section */
		9F2A1B70441D0317EC7AFCAE /* Frameworks */ = {
			isa = PBXGroup;
			children = (
				B6C9797B040AC380112F5087 /* Pods_StoreProject.framework */,
			);
			name = Frameworks;
			sourceTree = "<group>";
		};
		AC2BDEF226FE3C9100C4B7C0 /* Model */ = {
			isa = PBXGroup;
			children = (
			);
			path = Model;
			sourceTree = "<group>";
		};
		AC2BDEF326FE3C9700C4B7C0 /* View */ = {
			isa = PBXGroup;
			children = (
				AC810A7826FE385D00261BB8 /* FilterProductsViewController.swift */,
			);
			path = View;
			sourceTree = "<group>";
		};
		AC2BDEF426FE3C9E00C4B7C0 /* Presenter */ = {
			isa = PBXGroup;
			children = (
			);
			path = Presenter;
			sourceTree = "<group>";
		};
		AC2BDEFD26FE79DF00C4B7C0 /* RealmService */ = {
			isa = PBXGroup;
			children = (
				AC2BDEF926FE6D7D00C4B7C0 /* RealmService.swift */,
			);
			path = RealmService;
			sourceTree = "<group>";
		};
		AC2BDF0226FE7F6300C4B7C0 /* TableViewCells */ = {
			isa = PBXGroup;
			children = (
				AC810A6126FE1D2300261BB8 /* ListOfProductsTableViewCells */,
				AC810A6626FE1DAA00261BB8 /* ListOfProductCollectionViewCells */,
				AC810A5A26FE1CDE00261BB8 /* StoreProductTableViewCells */,
			);
			path = TableViewCells;
			sourceTree = "<group>";
		};
		AC646F6B26FD05CC000E92ED = {
			isa = PBXGroup;
			children = (
				AC646F7626FD05CC000E92ED /* StoreProject */,
				AC646F7526FD05CC000E92ED /* Products */,
				FEEE5AB7A1483A6B5BAE2382 /* Pods */,
				9F2A1B70441D0317EC7AFCAE /* Frameworks */,
			);
			sourceTree = "<group>";
		};
		AC646F7526FD05CC000E92ED /* Products */ = {
			isa = PBXGroup;
			children = (
				AC646F7426FD05CC000E92ED /* StoreProject.app */,
			);
			name = Products;
			sourceTree = "<group>";
		};
		AC646F7626FD05CC000E92ED /* StoreProject */ = {
			isa = PBXGroup;
			children = (
				AC646F8B26FD05F4000E92ED /* Shared */,
				AC646F8C26FD0603000E92ED /* Scenes */,
			);
			path = StoreProject;
			sourceTree = "<group>";
		};
		AC646F8B26FD05F4000E92ED /* Shared */ = {
			isa = PBXGroup;
			children = (
				AC646F8D26FD0867000E92ED /* AppAssets */,
				AC810A6D26FE24C800261BB8 /* Protocols */,
				AC646FBE26FD1047000E92ED /* Extensions */,
				AC646F8E26FD0913000E92ED /* Fonts */,
				AC2BDEFD26FE79DF00C4B7C0 /* RealmService */,
			);
			path = Shared;
			sourceTree = "<group>";
		};
		AC646F8C26FD0603000E92ED /* Scenes */ = {
			isa = PBXGroup;
			children = (
				AC646FB626FD0E25000E92ED /* StoreProducts */,
				AC646FBA26FD0E71000E92ED /* AddProduct */,
				AC646FCD26FD26B1000E92ED /* ProductDetails */,
				AC810A7726FE382000261BB8 /* FilterProducts */,
				AC646F7D26FD05CC000E92ED /* Main.storyboard */,
			);
			path = Scenes;
			sourceTree = "<group>";
		};
		AC646F8D26FD0867000E92ED /* AppAssets */ = {
			isa = PBXGroup;
			children = (
				AC646F8526FD05D0000E92ED /* Info.plist */,
				AC646F7926FD05CC000E92ED /* SceneDelegate.swift */,
				AC646F8226FD05D0000E92ED /* LaunchScreen.storyboard */,
				AC646F7726FD05CC000E92ED /* AppDelegate.swift */,
				AC646F8026FD05D0000E92ED /* Assets.xcassets */,
			);
			path = AppAssets;
			sourceTree = "<group>";
		};
		AC646F8E26FD0913000E92ED /* Fonts */ = {
			isa = PBXGroup;
			children = (
				AC646F8F26FD0AA0000E92ED /* Montserrat */,
			);
			path = Fonts;
			sourceTree = "<group>";
		};
		AC646F8F26FD0AA0000E92ED /* Montserrat */ = {
			isa = PBXGroup;
			children = (
				AC646F9126FD0AA0000E92ED /* Montserrat-Medium.ttf */,
				AC646F9726FD0AA0000E92ED /* Montserrat-Bold.ttf */,
				AC646F9A26FD0AA0000E92ED /* Montserrat-SemiBold.ttf */,
				AC646F9F26FD0AA0000E92ED /* Montserrat-Regular.ttf */,
			);
			path = Montserrat;
			sourceTree = "<group>";
		};
		AC646FB626FD0E25000E92ED /* StoreProducts */ = {
			isa = PBXGroup;
			children = (
				AC810A7426FE2FBE00261BB8 /* DataSource */,
				AC646FB726FD0E3C000E92ED /* Model */,
				AC646FB926FD0E57000E92ED /* View */,
				AC646FB826FD0E43000E92ED /* Presenter */,
			);
			path = StoreProducts;
			sourceTree = "<group>";
		};
		AC646FB726FD0E3C000E92ED /* Model */ = {
			isa = PBXGroup;
			children = (
			);
			path = Model;
			sourceTree = "<group>";
		};
		AC646FB826FD0E43000E92ED /* Presenter */ = {
			isa = PBXGroup;
			children = (
				AC2BDEFE26FE7A7D00C4B7C0 /* StoreProductPresenter.swift */,
			);
			path = Presenter;
			sourceTree = "<group>";
		};
		AC646FB926FD0E57000E92ED /* View */ = {
			isa = PBXGroup;
			children = (
				AC2BDF0226FE7F6300C4B7C0 /* TableViewCells */,
				AC810A5826FE1B6900261BB8 /* StoreProductsViewController.swift */,
				AC2BDF0026FE7D7600C4B7C0 /* StoreProduct+PresenterDelegete.swift */,
			);
			path = View;
			sourceTree = "<group>";
		};
		AC646FBA26FD0E71000E92ED /* AddProduct */ = {
			isa = PBXGroup;
			children = (
				AC646FBB26FD0E7B000E92ED /* Model */,
				AC646FBD26FD0E9A000E92ED /* View */,
				AC646FBC26FD0E82000E92ED /* Presenter */,
			);
			path = AddProduct;
			sourceTree = "<group>";
		};
		AC646FBB26FD0E7B000E92ED /* Model */ = {
			isa = PBXGroup;
			children = (
				AC2BDEFB26FE746E00C4B7C0 /* StoreProductList.swift */,
			);
			path = Model;
			sourceTree = "<group>";
		};
		AC646FBC26FD0E82000E92ED /* Presenter */ = {
			isa = PBXGroup;
			children = (
			);
			path = Presenter;
			sourceTree = "<group>";
		};
		AC646FBD26FD0E9A000E92ED /* View */ = {
			isa = PBXGroup;
			children = (
				AC646FCB26FD25E6000E92ED /* AddProductViewController.swift */,
			);
			path = View;
			sourceTree = "<group>";
		};
		AC646FBE26FD1047000E92ED /* Extensions */ = {
			isa = PBXGroup;
			children = (
				AC810A7226FE25D300261BB8 /* UITableView+Register.swift */,
				AC646FC326FD10C0000E92ED /* UIImage+Extension.swift */,
				AC646FC526FD10C1000E92ED /* UIImage+Utilites.swift */,
				AC646FC426FD10C0000E92ED /* UIView+Border.swift */,
				AC646FC126FD10C0000E92ED /* UIView+Circle.swift */,
				AC810A6B26FE23F700261BB8 /* UICollerctionView+Register.swift */,
				AC646FC226FD10C0000E92ED /* UIView+XIBinit.swift */,
				AC646FBF26FD107B000E92ED /* UIImageView+Extension.swift */,
				AC2BDEF726FE420A00C4B7C0 /* UIViewController+Storyboard.swift */,
				AC2BDEF526FE41C000C4B7C0 /* UIStoryboard+Extension.swift */,
			);
			path = Extensions;
			sourceTree = "<group>";
		};
		AC646FCD26FD26B1000E92ED /* ProductDetails */ = {
			isa = PBXGroup;
			children = (
				AC646FCE26FD26C2000E92ED /* Model */,
				AC646FCF26FD26C8000E92ED /* View */,
				AC646FD026FD26CE000E92ED /* Presenter */,
			);
			path = ProductDetails;
			sourceTree = "<group>";
		};
		AC646FCE26FD26C2000E92ED /* Model */ = {
			isa = PBXGroup;
			children = (
			);
			path = Model;
			sourceTree = "<group>";
		};
		AC646FCF26FD26C8000E92ED /* View */ = {
			isa = PBXGroup;
			children = (
				AC646FD126FD26EE000E92ED /* ProductDetailsViewController.swift */,
			);
			path = View;
			sourceTree = "<group>";
		};
		AC646FD026FD26CE000E92ED /* Presenter */ = {
			isa = PBXGroup;
			children = (
			);
			path = Presenter;
			sourceTree = "<group>";
		};
		AC810A5A26FE1CDE00261BB8 /* StoreProductTableViewCells */ = {
			isa = PBXGroup;
			children = (
				AC810A5D26FE1D1D00261BB8 /* StoreProductMainTableViewCell.swift */,
				AC810A5E26FE1D1D00261BB8 /* StoreProductMainTableViewCell.xib */,
			);
			path = StoreProductTableViewCells;
			sourceTree = "<group>";
		};
		AC810A6126FE1D2300261BB8 /* ListOfProductsTableViewCells */ = {
			isa = PBXGroup;
			children = (
				AC810A6226FE1D4900261BB8 /* ListOfProductTableViewCell.swift */,
				AC810A6326FE1D4900261BB8 /* ListOfProductTableViewCell.xib */,
			);
			path = ListOfProductsTableViewCells;
			sourceTree = "<group>";
		};
		AC810A6626FE1DAA00261BB8 /* ListOfProductCollectionViewCells */ = {
			isa = PBXGroup;
			children = (
				AC810A6726FE1DFB00261BB8 /* ListOfOroductCollectionViewCell.swift */,
				AC810A6826FE1DFB00261BB8 /* ListOfOroductCollectionViewCell.xib */,
			);
			path = ListOfProductCollectionViewCells;
			sourceTree = "<group>";
		};
		AC810A6D26FE24C800261BB8 /* Protocols */ = {
			isa = PBXGroup;
			children = (
				AC810A6E26FE24E100261BB8 /* NibLoadableView.swift */,
				AC810A7026FE24E800261BB8 /* ReuseIdentfierProtocol.swift */,
			);
			path = Protocols;
			sourceTree = "<group>";
		};
		AC810A7426FE2FBE00261BB8 /* DataSource */ = {
			isa = PBXGroup;
			children = (
				AC810A7526FE2FDB00261BB8 /* listOfProductDataSource.swift */,
			);
			path = DataSource;
			sourceTree = "<group>";
		};
		AC810A7726FE382000261BB8 /* FilterProducts */ = {
			isa = PBXGroup;
			children = (
				AC2BDEF226FE3C9100C4B7C0 /* Model */,
				AC2BDEF326FE3C9700C4B7C0 /* View */,
				AC2BDEF426FE3C9E00C4B7C0 /* Presenter */,
			);
			path = FilterProducts;
			sourceTree = "<group>";
		};
		FEEE5AB7A1483A6B5BAE2382 /* Pods */ = {
			isa = PBXGroup;
			children = (
				33FAD5DD140A4FD99465ED0C /* Pods-StoreProject.debug.xcconfig */,
				69419AF35B6165B043A2F98A /* Pods-StoreProject.release.xcconfig */,
			);
			path = Pods;
			sourceTree = "<group>";
		};
/* End PBXGroup section */

/* Begin PBXNativeTarget section */
		AC646F7326FD05CC000E92ED /* StoreProject */ = {
			isa = PBXNativeTarget;
			buildConfigurationList = AC646F8826FD05D0000E92ED /* Build configuration list for PBXNativeTarget "StoreProject" */;
			buildPhases = (
				1BD5FD53EB96D7BFE00D6116 /* [CP] Check Pods Manifest.lock */,
				AC646F7026FD05CC000E92ED /* Sources */,
				AC646F7126FD05CC000E92ED /* Frameworks */,
				AC646F7226FD05CC000E92ED /* Resources */,
				C4A8E78ADFB7396AA645DDC2 /* [CP] Embed Pods Frameworks */,
			);
			buildRules = (
			);
			dependencies = (
			);
			name = StoreProject;
			productName = StoreProject;
			productReference = AC646F7426FD05CC000E92ED /* StoreProject.app */;
			productType = "com.apple.product-type.application";
		};
/* End PBXNativeTarget section */

/* Begin PBXProject section */
		AC646F6C26FD05CC000E92ED /* Project object */ = {
			isa = PBXProject;
			attributes = {
				LastSwiftUpdateCheck = 1250;
				LastUpgradeCheck = 1250;
				TargetAttributes = {
					AC646F7326FD05CC000E92ED = {
						CreatedOnToolsVersion = 12.5.1;
					};
				};
			};
			buildConfigurationList = AC646F6F26FD05CC000E92ED /* Build configuration list for PBXProject "StoreProject" */;
			compatibilityVersion = "Xcode 9.3";
			developmentRegion = en;
			hasScannedForEncodings = 0;
			knownRegions = (
				en,
				Base,
			);
			mainGroup = AC646F6B26FD05CC000E92ED;
			productRefGroup = AC646F7526FD05CC000E92ED /* Products */;
			projectDirPath = "";
			projectRoot = "";
			targets = (
				AC646F7326FD05CC000E92ED /* StoreProject */,
			);
		};
/* End PBXProject section */

/* Begin PBXResourcesBuildPhase section */
		AC646F7226FD05CC000E92ED /* Resources */ = {
			isa = PBXResourcesBuildPhase;
			buildActionMask = 2147483647;
			files = (
				AC810A6026FE1D1D00261BB8 /* StoreProductMainTableViewCell.xib in Resources */,
				AC646FB226FD0AA0000E92ED /* Montserrat-Regular.ttf in Resources */,
				AC646FA426FD0AA0000E92ED /* Montserrat-Medium.ttf in Resources */,
				AC646F8426FD05D0000E92ED /* LaunchScreen.storyboard in Resources */,
				AC646F8126FD05D0000E92ED /* Assets.xcassets in Resources */,
				AC810A6526FE1D4900261BB8 /* ListOfProductTableViewCell.xib in Resources */,
				AC810A6A26FE1DFB00261BB8 /* ListOfOroductCollectionViewCell.xib in Resources */,
				AC646FAD26FD0AA0000E92ED /* Montserrat-SemiBold.ttf in Resources */,
				AC646FAA26FD0AA0000E92ED /* Montserrat-Bold.ttf in Resources */,
				AC646F7F26FD05CC000E92ED /* Main.storyboard in Resources */,
			);
			runOnlyForDeploymentPostprocessing = 0;
		};
/* End PBXResourcesBuildPhase section */

/* Begin PBXShellScriptBuildPhase section */
		1BD5FD53EB96D7BFE00D6116 /* [CP] Check Pods Manifest.lock */ = {
			isa = PBXShellScriptBuildPhase;
			buildActionMask = 2147483647;
			files = (
			);
			inputFileListPaths = (
			);
			inputPaths = (
				"${PODS_PODFILE_DIR_PATH}/Podfile.lock",
				"${PODS_ROOT}/Manifest.lock",
			);
			name = "[CP] Check Pods Manifest.lock";
			outputFileListPaths = (
			);
			outputPaths = (
				"$(DERIVED_FILE_DIR)/Pods-StoreProject-checkManifestLockResult.txt",
			);
			runOnlyForDeploymentPostprocessing = 0;
			shellPath = /bin/sh;
			shellScript = "diff \"${PODS_PODFILE_DIR_PATH}/Podfile.lock\" \"${PODS_ROOT}/Manifest.lock\" > /dev/null\nif [ $? != 0 ] ; then\n    # print error to STDERR\n    echo \"error: The sandbox is not in sync with the Podfile.lock. Run 'pod install' or update your CocoaPods installation.\" >&2\n    exit 1\nfi\n# This output is used by Xcode 'outputs' to avoid re-running this script phase.\necho \"SUCCESS\" > \"${SCRIPT_OUTPUT_FILE_0}\"\n";
			showEnvVarsInLog = 0;
		};
		C4A8E78ADFB7396AA645DDC2 /* [CP] Embed Pods Frameworks */ = {
			isa = PBXShellScriptBuildPhase;
			buildActionMask = 2147483647;
			files = (
			);
			inputFileListPaths = (
				"${PODS_ROOT}/Target Support Files/Pods-StoreProject/Pods-StoreProject-frameworks-${CONFIGURATION}-input-files.xcfilelist",
			);
			name = "[CP] Embed Pods Frameworks";
			outputFileListPaths = (
				"${PODS_ROOT}/Target Support Files/Pods-StoreProject/Pods-StoreProject-frameworks-${CONFIGURATION}-output-files.xcfilelist",
			);
			runOnlyForDeploymentPostprocessing = 0;
			shellPath = /bin/sh;
			shellScript = "\"${PODS_ROOT}/Target Support Files/Pods-StoreProject/Pods-StoreProject-frameworks.sh\"\n";
			showEnvVarsInLog = 0;
		};
/* End PBXShellScriptBuildPhase section */

/* Begin PBXSourcesBuildPhase section */
		AC646F7026FD05CC000E92ED /* Sources */ = {
			isa = PBXSourcesBuildPhase;
			buildActionMask = 2147483647;
			files = (
				AC2BDEFF26FE7A7D00C4B7C0 /* StoreProductPresenter.swift in Sources */,
				AC810A7326FE25D300261BB8 /* UITableView+Register.swift in Sources */,
				AC646FC926FD10C1000E92ED /* UIView+Border.swift in Sources */,
				AC646FC726FD10C1000E92ED /* UIView+XIBinit.swift in Sources */,
				AC810A6926FE1DFB00261BB8 /* ListOfOroductCollectionViewCell.swift in Sources */,
				AC646FD226FD26EE000E92ED /* ProductDetailsViewController.swift in Sources */,
				AC2BDEF826FE420A00C4B7C0 /* UIViewController+Storyboard.swift in Sources */,
				AC2BDEFA26FE6D7D00C4B7C0 /* RealmService.swift in Sources */,
				AC646FCC26FD25E7000E92ED /* AddProductViewController.swift in Sources */,
				AC646FCA26FD10C1000E92ED /* UIImage+Utilites.swift in Sources */,
				AC810A5926FE1B6900261BB8 /* StoreProductsViewController.swift in Sources */,
				AC810A7126FE24E800261BB8 /* ReuseIdentfierProtocol.swift in Sources */,
				AC810A6426FE1D4900261BB8 /* ListOfProductTableViewCell.swift in Sources */,
				AC2BDF0126FE7D7600C4B7C0 /* StoreProduct+PresenterDelegete.swift in Sources */,
				AC810A6F26FE24E100261BB8 /* NibLoadableView.swift in Sources */,
				AC646FC826FD10C1000E92ED /* UIImage+Extension.swift in Sources */,
				AC646FC626FD10C1000E92ED /* UIView+Circle.swift in Sources */,
				AC810A5F26FE1D1D00261BB8 /* StoreProductMainTableViewCell.swift in Sources */,
				AC810A7926FE385D00261BB8 /* FilterProductsViewController.swift in Sources */,
				AC646F7826FD05CC000E92ED /* AppDelegate.swift in Sources */,
				AC810A6C26FE23F700261BB8 /* UICollerctionView+Register.swift in Sources */,
				AC2BDEFC26FE746E00C4B7C0 /* StoreProductList.swift in Sources */,
				AC646FC026FD107B000E92ED /* UIImageView+Extension.swift in Sources */,
				AC810A7626FE2FDB00261BB8 /* listOfProductDataSource.swift in Sources */,
				AC646F7A26FD05CC000E92ED /* SceneDelegate.swift in Sources */,
				AC2BDEF626FE41C000C4B7C0 /* UIStoryboard+Extension.swift in Sources */,
			);
			runOnlyForDeploymentPostprocessing = 0;
		};
/* End PBXSourcesBuildPhase section */

/* Begin PBXVariantGroup section */
		AC646F7D26FD05CC000E92ED /* Main.storyboard */ = {
			isa = PBXVariantGroup;
			children = (
				AC646F7E26FD05CC000E92ED /* Base */,
			);
			name = Main.storyboard;
			sourceTree = "<group>";
		};
		AC646F8226FD05D0000E92ED /* LaunchScreen.storyboard */ = {
			isa = PBXVariantGroup;
			children = (
				AC646F8326FD05D0000E92ED /* Base */,
			);
			name = LaunchScreen.storyboard;
			sourceTree = "<group>";
		};
/* End PBXVariantGroup section */

/* Begin XCBuildConfiguration section */
		AC646F8626FD05D0000E92ED /* Debug */ = {
			isa = XCBuildConfiguration;
			buildSettings = {
				ALWAYS_SEARCH_USER_PATHS = NO;
				CLANG_ANALYZER_NONNULL = YES;
				CLANG_ANALYZER_NUMBER_OBJECT_CONVERSION = YES_AGGRESSIVE;
				CLANG_CXX_LANGUAGE_STANDARD = "gnu++14";
				CLANG_CXX_LIBRARY = "libc++";
				CLANG_ENABLE_MODULES = YES;
				CLANG_ENABLE_OBJC_ARC = YES;
				CLANG_ENABLE_OBJC_WEAK = YES;
				CLANG_WARN_BLOCK_CAPTURE_AUTORELEASING = YES;
				CLANG_WARN_BOOL_CONVERSION = YES;
				CLANG_WARN_COMMA = YES;
				CLANG_WARN_CONSTANT_CONVERSION = YES;
				CLANG_WARN_DEPRECATED_OBJC_IMPLEMENTATIONS = YES;
				CLANG_WARN_DIRECT_OBJC_ISA_USAGE = YES_ERROR;
				CLANG_WARN_DOCUMENTATION_COMMENTS = YES;
				CLANG_WARN_EMPTY_BODY = YES;
				CLANG_WARN_ENUM_CONVERSION = YES;
				CLANG_WARN_INFINITE_RECURSION = YES;
				CLANG_WARN_INT_CONVERSION = YES;
				CLANG_WARN_NON_LITERAL_NULL_CONVERSION = YES;
				CLANG_WARN_OBJC_IMPLICIT_RETAIN_SELF = YES;
				CLANG_WARN_OBJC_LITERAL_CONVERSION = YES;
				CLANG_WARN_OBJC_ROOT_CLASS = YES_ERROR;
				CLANG_WARN_QUOTED_INCLUDE_IN_FRAMEWORK_HEADER = YES;
				CLANG_WARN_RANGE_LOOP_ANALYSIS = YES;
				CLANG_WARN_STRICT_PROTOTYPES = YES;
				CLANG_WARN_SUSPICIOUS_MOVE = YES;
				CLANG_WARN_UNGUARDED_AVAILABILITY = YES_AGGRESSIVE;
				CLANG_WARN_UNREACHABLE_CODE = YES;
				CLANG_WARN__DUPLICATE_METHOD_MATCH = YES;
				COPY_PHASE_STRIP = NO;
				DEBUG_INFORMATION_FORMAT = dwarf;
				ENABLE_STRICT_OBJC_MSGSEND = YES;
				ENABLE_TESTABILITY = YES;
				GCC_C_LANGUAGE_STANDARD = gnu11;
				GCC_DYNAMIC_NO_PIC = NO;
				GCC_NO_COMMON_BLOCKS = YES;
				GCC_OPTIMIZATION_LEVEL = 0;
				GCC_PREPROCESSOR_DEFINITIONS = (
					"DEBUG=1",
					"$(inherited)",
				);
				GCC_WARN_64_TO_32_BIT_CONVERSION = YES;
				GCC_WARN_ABOUT_RETURN_TYPE = YES_ERROR;
				GCC_WARN_UNDECLARED_SELECTOR = YES;
				GCC_WARN_UNINITIALIZED_AUTOS = YES_AGGRESSIVE;
				GCC_WARN_UNUSED_FUNCTION = YES;
				GCC_WARN_UNUSED_VARIABLE = YES;
				IPHONEOS_DEPLOYMENT_TARGET = 14.5;
				MTL_ENABLE_DEBUG_INFO = INCLUDE_SOURCE;
				MTL_FAST_MATH = YES;
				ONLY_ACTIVE_ARCH = YES;
				SDKROOT = iphoneos;
				SWIFT_ACTIVE_COMPILATION_CONDITIONS = DEBUG;
				SWIFT_OPTIMIZATION_LEVEL = "-Onone";
			};
			name = Debug;
		};
		AC646F8726FD05D0000E92ED /* Release */ = {
			isa = XCBuildConfiguration;
			buildSettings = {
				ALWAYS_SEARCH_USER_PATHS = NO;
				CLANG_ANALYZER_NONNULL = YES;
				CLANG_ANALYZER_NUMBER_OBJECT_CONVERSION = YES_AGGRESSIVE;
				CLANG_CXX_LANGUAGE_STANDARD = "gnu++14";
				CLANG_CXX_LIBRARY = "libc++";
				CLANG_ENABLE_MODULES = YES;
				CLANG_ENABLE_OBJC_ARC = YES;
				CLANG_ENABLE_OBJC_WEAK = YES;
				CLANG_WARN_BLOCK_CAPTURE_AUTORELEASING = YES;
				CLANG_WARN_BOOL_CONVERSION = YES;
				CLANG_WARN_COMMA = YES;
				CLANG_WARN_CONSTANT_CONVERSION = YES;
				CLANG_WARN_DEPRECATED_OBJC_IMPLEMENTATIONS = YES;
				CLANG_WARN_DIRECT_OBJC_ISA_USAGE = YES_ERROR;
				CLANG_WARN_DOCUMENTATION_COMMENTS = YES;
				CLANG_WARN_EMPTY_BODY = YES;
				CLANG_WARN_ENUM_CONVERSION = YES;
				CLANG_WARN_INFINITE_RECURSION = YES;
				CLANG_WARN_INT_CONVERSION = YES;
				CLANG_WARN_NON_LITERAL_NULL_CONVERSION = YES;
				CLANG_WARN_OBJC_IMPLICIT_RETAIN_SELF = YES;
				CLANG_WARN_OBJC_LITERAL_CONVERSION = YES;
				CLANG_WARN_OBJC_ROOT_CLASS = YES_ERROR;
				CLANG_WARN_QUOTED_INCLUDE_IN_FRAMEWORK_HEADER = YES;
				CLANG_WARN_RANGE_LOOP_ANALYSIS = YES;
				CLANG_WARN_STRICT_PROTOTYPES = YES;
				CLANG_WARN_SUSPICIOUS_MOVE = YES;
				CLANG_WARN_UNGUARDED_AVAILABILITY = YES_AGGRESSIVE;
				CLANG_WARN_UNREACHABLE_CODE = YES;
				CLANG_WARN__DUPLICATE_METHOD_MATCH = YES;
				COPY_PHASE_STRIP = NO;
				DEBUG_INFORMATION_FORMAT = "dwarf-with-dsym";
				ENABLE_NS_ASSERTIONS = NO;
				ENABLE_STRICT_OBJC_MSGSEND = YES;
				GCC_C_LANGUAGE_STANDARD = gnu11;
				GCC_NO_COMMON_BLOCKS = YES;
				GCC_WARN_64_TO_32_BIT_CONVERSION = YES;
				GCC_WARN_ABOUT_RETURN_TYPE = YES_ERROR;
				GCC_WARN_UNDECLARED_SELECTOR = YES;
				GCC_WARN_UNINITIALIZED_AUTOS = YES_AGGRESSIVE;
				GCC_WARN_UNUSED_FUNCTION = YES;
				GCC_WARN_UNUSED_VARIABLE = YES;
				IPHONEOS_DEPLOYMENT_TARGET = 14.5;
				MTL_ENABLE_DEBUG_INFO = NO;
				MTL_FAST_MATH = YES;
				SDKROOT = iphoneos;
				SWIFT_COMPILATION_MODE = wholemodule;
				SWIFT_OPTIMIZATION_LEVEL = "-O";
				VALIDATE_PRODUCT = YES;
			};
			name = Release;
		};
		AC646F8926FD05D0000E92ED /* Debug */ = {
			isa = XCBuildConfiguration;
			baseConfigurationReference = 33FAD5DD140A4FD99465ED0C /* Pods-StoreProject.debug.xcconfig */;
			buildSettings = {
				ASSETCATALOG_COMPILER_APPICON_NAME = AppIcon;
				ASSETCATALOG_COMPILER_GLOBAL_ACCENT_COLOR_NAME = AccentColor;
				CODE_SIGN_STYLE = Automatic;
				DEVELOPMENT_TEAM = SY7LFSPY6Y;
				INFOPLIST_FILE = StoreProject/Shared/AppAssets/Info.plist;
				IPHONEOS_DEPLOYMENT_TARGET = 14.3;
				LD_RUNPATH_SEARCH_PATHS = (
					"$(inherited)",
					"@executable_path/Frameworks",
				);
				PRODUCT_BUNDLE_IDENTIFIER = enas.StoreProject;
				PRODUCT_NAME = "$(TARGET_NAME)";
				SWIFT_VERSION = 5.0;
				TARGETED_DEVICE_FAMILY = 1;
			};
			name = Debug;
		};
		AC646F8A26FD05D0000E92ED /* Release */ = {
			isa = XCBuildConfiguration;
			baseConfigurationReference = 69419AF35B6165B043A2F98A /* Pods-StoreProject.release.xcconfig */;
			buildSettings = {
				ASSETCATALOG_COMPILER_APPICON_NAME = AppIcon;
				ASSETCATALOG_COMPILER_GLOBAL_ACCENT_COLOR_NAME = AccentColor;
				CODE_SIGN_STYLE = Automatic;
				DEVELOPMENT_TEAM = SY7LFSPY6Y;
				INFOPLIST_FILE = StoreProject/Shared/AppAssets/Info.plist;
				IPHONEOS_DEPLOYMENT_TARGET = 14.3;
				LD_RUNPATH_SEARCH_PATHS = (
					"$(inherited)",
					"@executable_path/Frameworks",
				);
				PRODUCT_BUNDLE_IDENTIFIER = enas.StoreProject;
				PRODUCT_NAME = "$(TARGET_NAME)";
				SWIFT_VERSION = 5.0;
				TARGETED_DEVICE_FAMILY = 1;
			};
			name = Release;
		};
/* End XCBuildConfiguration section */

/* Begin XCConfigurationList section */
		AC646F6F26FD05CC000E92ED /* Build configuration list for PBXProject "StoreProject" */ = {
			isa = XCConfigurationList;
			buildConfigurations = (
				AC646F8626FD05D0000E92ED /* Debug */,
				AC646F8726FD05D0000E92ED /* Release */,
			);
			defaultConfigurationIsVisible = 0;
			defaultConfigurationName = Release;
		};
		AC646F8826FD05D0000E92ED /* Build configuration list for PBXNativeTarget "StoreProject" */ = {
			isa = XCConfigurationList;
			buildConfigurations = (
				AC646F8926FD05D0000E92ED /* Debug */,
				AC646F8A26FD05D0000E92ED /* Release */,
			);
			defaultConfigurationIsVisible = 0;
			defaultConfigurationName = Release;
		};
/* End XCConfigurationList section */
	};
	rootObject = AC646F6C26FD05CC000E92ED /* Project object */;
}
